
Microsoft Visual Studio Solution File, Format Version 12.00
# Visual Studio Version 17
VisualStudioVersion = 17.2.32516.85
MinimumVisualStudioVersion = 10.0.40219.1
Project("{9A19103F-16F7-4668-BE54-9A1E7A4F7556}") = "ITI.QUIK.API.MultyServices", "ITI.QUIK.API.MultyServices\ITI.QUIK.API.MultyServices.csproj", "{A074652E-20F0-4F51-99C5-E79E352F0D99}"
EndProject
Project("{9A19103F-16F7-4668-BE54-9A1E7A4F7556}") = "DataAbstraction", "DataAbstraction\DataAbstraction.csproj", "{C073E169-8CF1-47D9-8A6F-76E8111285E6}"
EndProject
Project("{9A19103F-16F7-4668-BE54-9A1E7A4F7556}") = "ChildHttpApiRepository", "ChildHttpApiRepository\ChildHttpApiRepository.csproj", "{7CAFFA8E-0897-4FAD-942F-636030CD46A7}"
EndProject
Project("{9A19103F-16F7-4668-BE54-9A1E7A4F7556}") = "LogicCore", "LogicCore\LogicCore.csproj", "{F2363ABF-4D5C-4235-9433-745DF3DB84DF}"
EndProject
Project("{FAE04EC0-301F-11D3-BF4B-00C04F79EFBC}") = "DataValidationService", "DataValidationService\DataValidationService.csproj", "{7092879B-03A6-4C13-A269-BA699E7510FC}"
EndProject
Global
	GlobalSection(SolutionConfigurationPlatforms) = preSolution
		Debug|Any CPU = Debug|Any CPU
		Release|Any CPU = Release|Any CPU
	EndGlobalSection
	GlobalSection(ProjectConfigurationPlatforms) = postSolution
		{A074652E-20F0-4F51-99C5-E79E352F0D99}.Debug|Any CPU.ActiveCfg = Debug|Any CPU
		{A074652E-20F0-4F51-99C5-E79E352F0D99}.Debug|Any CPU.Build.0 = Debug|Any CPU
		{A074652E-20F0-4F51-99C5-E79E352F0D99}.Release|Any CPU.ActiveCfg = Release|Any CPU
		{A074652E-20F0-4F51-99C5-E79E352F0D99}.Release|Any CPU.Build.0 = Release|Any CPU
		{C073E169-8CF1-47D9-8A6F-76E8111285E6}.Debug|Any CPU.ActiveCfg = Debug|Any CPU
		{C073E169-8CF1-47D9-8A6F-76E8111285E6}.Debug|Any CPU.Build.0 = Debug|Any CPU
		{C073E169-8CF1-47D9-8A6F-76E8111285E6}.Release|Any CPU.ActiveCfg = Release|Any CPU
		{C073E169-8CF1-47D9-8A6F-76E8111285E6}.Release|Any CPU.Build.0 = Release|Any CPU
		{7CAFFA8E-0897-4FAD-942F-636030CD46A7}.Debug|Any CPU.ActiveCfg = Debug|Any CPU
		{7CAFFA8E-0897-4FAD-942F-636030CD46A7}.Debug|Any CPU.Build.0 = Debug|Any CPU
		{7CAFFA8E-0897-4FAD-942F-636030CD46A7}.Release|Any CPU.ActiveCfg = Release|Any CPU
		{7CAFFA8E-0897-4FAD-942F-636030CD46A7}.Release|Any CPU.Build.0 = Release|Any CPU
		{F2363ABF-4D5C-4235-9433-745DF3DB84DF}.Debug|Any CPU.ActiveCfg = Debug|Any CPU
		{F2363ABF-4D5C-4235-9433-745DF3DB84DF}.Debug|Any CPU.Build.0 = Debug|Any CPU
		{F2363ABF-4D5C-4235-9433-745DF3DB84DF}.Release|Any CPU.ActiveCfg = Release|Any CPU
		{F2363ABF-4D5C-4235-9433-745DF3DB84DF}.Release|Any CPU.Build.0 = Release|Any CPU
		{7092879B-03A6-4C13-A269-BA699E7510FC}.Debug|Any CPU.ActiveCfg = Debug|Any CPU
		{7092879B-03A6-4C13-A269-BA699E7510FC}.Debug|Any CPU.Build.0 = Debug|Any CPU
		{7092879B-03A6-4C13-A269-BA699E7510FC}.Release|Any CPU.ActiveCfg = Release|Any CPU
		{7092879B-03A6-4C13-A269-BA699E7510FC}.Release|Any CPU.Build.0 = Release|Any CPU
	EndGlobalSection
	GlobalSection(SolutionProperties) = preSolution
		HideSolutionNode = FALSE
	EndGlobalSection
	GlobalSection(ExtensibilityGlobals) = postSolution
		SolutionGuid = {2EFF6221-BB6A-4757-A957-FF19CE21F911}
	EndGlobalSection
EndGlobal
